// !$*UTF8*$!
{
	archiveVersion = 1;
	classes = {
	};
	objectVersion = 77;
	objects = {

/* Begin PBXBuildFile section */
		7EB4553F6E3BA6F48F2B4C3F /* Pods_XCodeCloudWesChua.framework in Frameworks */ = {isa = PBXBuildFile; fileRef = 8172DF44E5984C984158FC85 /* Pods_XCodeCloudWesChua.framework */; };
		F519996E2E6063AFC77B633F /* Pods_XCodeCloudWesChuaTests.framework in Frameworks */ = {isa = PBXBuildFile; fileRef = 3E7D66DD732BE30EF7F3D8F0 /* Pods_XCodeCloudWesChuaTests.framework */; };
/* End PBXBuildFile section */

/* Begin PBXContainerItemProxy section */
		A89465DB2D78C389007438F3 /* PBXContainerItemProxy */ = {
			isa = PBXContainerItemProxy;
			containerPortal = A89465A42D78BF8C007438F3 /* Project object */;
			proxyType = 1;
			remoteGlobalIDString = A89465AB2D78BF8C007438F3;
			remoteInfo = XCodeCloudWesChua;
		};
/* End PBXContainerItemProxy section */

/* Begin PBXFileReference section */
		058ED5343855044B22BB515B /* Pods-XCodeCloudWesChua.debug.xcconfig */ = {isa = PBXFileReference; includeInIndex = 1; lastKnownFileType = text.xcconfig; name = "Pods-XCodeCloudWesChua.debug.xcconfig"; path = "Target Support Files/Pods-XCodeCloudWesChua/Pods-XCodeCloudWesChua.debug.xcconfig"; sourceTree = "<group>"; };
		3E7D66DD732BE30EF7F3D8F0 /* Pods_XCodeCloudWesChuaTests.framework */ = {isa = PBXFileReference; explicitFileType = wrapper.framework; includeInIndex = 0; path = Pods_XCodeCloudWesChuaTests.framework; sourceTree = BUILT_PRODUCTS_DIR; };
		693C3C1142569A25DD2E268E /* Pods-XCodeCloudWesChuaTests.debug.xcconfig */ = {isa = PBXFileReference; includeInIndex = 1; lastKnownFileType = text.xcconfig; name = "Pods-XCodeCloudWesChuaTests.debug.xcconfig"; path = "Target Support Files/Pods-XCodeCloudWesChuaTests/Pods-XCodeCloudWesChuaTests.debug.xcconfig"; sourceTree = "<group>"; };
		8132961C154C3320E0D4B964 /* Pods-XCodeCloudWesChua.release.xcconfig */ = {isa = PBXFileReference; includeInIndex = 1; lastKnownFileType = text.xcconfig; name = "Pods-XCodeCloudWesChua.release.xcconfig"; path = "Target Support Files/Pods-XCodeCloudWesChua/Pods-XCodeCloudWesChua.release.xcconfig"; sourceTree = "<group>"; };
		8172DF44E5984C984158FC85 /* Pods_XCodeCloudWesChua.framework */ = {isa = PBXFileReference; explicitFileType = wrapper.framework; includeInIndex = 0; path = Pods_XCodeCloudWesChua.framework; sourceTree = BUILT_PRODUCTS_DIR; };
		A89465AC2D78BF8C007438F3 /* XCodeCloudWesChua.app */ = {isa = PBXFileReference; explicitFileType = wrapper.application; includeInIndex = 0; path = XCodeCloudWesChua.app; sourceTree = BUILT_PRODUCTS_DIR; };
		A89465D72D78C389007438F3 /* XCodeCloudWesChuaTests.xctest */ = {isa = PBXFileReference; explicitFileType = wrapper.cfbundle; includeInIndex = 0; path = XCodeCloudWesChuaTests.xctest; sourceTree = BUILT_PRODUCTS_DIR; };
		BC14B37DFD9D6D3C82A13340 /* Pods-XCodeCloudWesChuaTests.release.xcconfig */ = {isa = PBXFileReference; includeInIndex = 1; lastKnownFileType = text.xcconfig; name = "Pods-XCodeCloudWesChuaTests.release.xcconfig"; path = "Target Support Files/Pods-XCodeCloudWesChuaTests/Pods-XCodeCloudWesChuaTests.release.xcconfig"; sourceTree = "<group>"; };
/* End PBXFileReference section */

/* Begin PBXFileSystemSynchronizedRootGroup section */
		A89465AE2D78BF8C007438F3 /* XCodeCloudWesChua */ = {
			isa = PBXFileSystemSynchronizedRootGroup;
			exceptions = (
			);
			path = XCodeCloudWesChua;
			sourceTree = "<group>";
		};
		A89465D82D78C389007438F3 /* XCodeCloudWesChuaTests */ = {
			isa = PBXFileSystemSynchronizedRootGroup;
			exceptions = (
			);
			path = XCodeCloudWesChuaTests;
			sourceTree = "<group>";
		};
/* End PBXFileSystemSynchronizedRootGroup section */

/* Begin PBXFrameworksBuildPhase section */
		A89465A92D78BF8C007438F3 /* Frameworks */ = {
			isa = PBXFrameworksBuildPhase;
			buildActionMask = 2147483647;
			files = (
				7EB4553F6E3BA6F48F2B4C3F /* Pods_XCodeCloudWesChua.framework in Frameworks */,
			);
			runOnlyForDeploymentPostprocessing = 0;
		};
		A89465D42D78C389007438F3 /* Frameworks */ = {
			isa = PBXFrameworksBuildPhase;
			buildActionMask = 2147483647;
			files = (
				F519996E2E6063AFC77B633F /* Pods_XCodeCloudWesChuaTests.framework in Frameworks */,
			);
			runOnlyForDeploymentPostprocessing = 0;
		};
/* End PBXFrameworksBuildPhase section */

/* Begin PBXGroup section */
		2A223DC1EA1B59C34FED482D /* Frameworks */ = {
			isa = PBXGroup;
			children = (
				8172DF44E5984C984158FC85 /* Pods_XCodeCloudWesChua.framework */,
				3E7D66DD732BE30EF7F3D8F0 /* Pods_XCodeCloudWesChuaTests.framework */,
			);
			name = Frameworks;
			sourceTree = "<group>";
		};
		A676B2A022170119B4F129DC /* Pods */ = {
			isa = PBXGroup;
			children = (
				058ED5343855044B22BB515B /* Pods-XCodeCloudWesChua.debug.xcconfig */,
				8132961C154C3320E0D4B964 /* Pods-XCodeCloudWesChua.release.xcconfig */,
				693C3C1142569A25DD2E268E /* Pods-XCodeCloudWesChuaTests.debug.xcconfig */,
				BC14B37DFD9D6D3C82A13340 /* Pods-XCodeCloudWesChuaTests.release.xcconfig */,
			);
			name = Pods;
			path = Pods;
			sourceTree = "<group>";
		};
		A89465A32D78BF8C007438F3 = {
			isa = PBXGroup;
			children = (
				A89465AE2D78BF8C007438F3 /* XCodeCloudWesChua */,
				A89465D82D78C389007438F3 /* XCodeCloudWesChuaTests */,
				A89465AD2D78BF8C007438F3 /* Products */,
				A676B2A022170119B4F129DC /* Pods */,
				2A223DC1EA1B59C34FED482D /* Frameworks */,
			);
			sourceTree = "<group>";
		};
		A89465AD2D78BF8C007438F3 /* Products */ = {
			isa = PBXGroup;
			children = (
				A89465AC2D78BF8C007438F3 /* XCodeCloudWesChua.app */,
				A89465D72D78C389007438F3 /* XCodeCloudWesChuaTests.xctest */,
			);
			name = Products;
			sourceTree = "<group>";
		};
/* End PBXGroup section */

/* Begin PBXNativeTarget section */
		A89465AB2D78BF8C007438F3 /* XCodeCloudWesChua */ = {
			isa = PBXNativeTarget;
			buildConfigurationList = A89465BA2D78BF8E007438F3 /* Build configuration list for PBXNativeTarget "XCodeCloudWesChua" */;
			buildPhases = (
				E22689CEDDF90F4E05E4012B /* [CP] Check Pods Manifest.lock */,
				A89465A82D78BF8C007438F3 /* Sources */,
				A89465A92D78BF8C007438F3 /* Frameworks */,
				A89465AA2D78BF8C007438F3 /* Resources */,
				DEBB475B84B182D7FAF9F8EE /* [CP] Embed Pods Frameworks */,
			);
			buildRules = (
			);
			dependencies = (
			);
			fileSystemSynchronizedGroups = (
				A89465AE2D78BF8C007438F3 /* XCodeCloudWesChua */,
			);
			name = XCodeCloudWesChua;
			productName = XCodeCloudWesChua;
			productReference = A89465AC2D78BF8C007438F3 /* XCodeCloudWesChua.app */;
			productType = "com.apple.product-type.application";
		};
		A89465D62D78C389007438F3 /* XCodeCloudWesChuaTests */ = {
			isa = PBXNativeTarget;
			buildConfigurationList = A89465DD2D78C389007438F3 /* Build configuration list for PBXNativeTarget "XCodeCloudWesChuaTests" */;
			buildPhases = (
				D8AD1030EF2C2A7BCF62604B /* [CP] Check Pods Manifest.lock */,
				A89465D32D78C389007438F3 /* Sources */,
				A89465D42D78C389007438F3 /* Frameworks */,
				A89465D52D78C389007438F3 /* Resources */,
			);
			buildRules = (
			);
			dependencies = (
				A89465DC2D78C389007438F3 /* PBXTargetDependency */,
			);
			fileSystemSynchronizedGroups = (
				A89465D82D78C389007438F3 /* XCodeCloudWesChuaTests */,
			);
			name = XCodeCloudWesChuaTests;
			productName = XCodeCloudWesChuaTests;
			productReference = A89465D72D78C389007438F3 /* XCodeCloudWesChuaTests.xctest */;
			productType = "com.apple.product-type.bundle.unit-test";
		};
/* End PBXNativeTarget section */

/* Begin PBXProject section */
		A89465A42D78BF8C007438F3 /* Project object */ = {
			isa = PBXProject;
			attributes = {
				BuildIndependentTargetsInParallel = 1;
				LastSwiftUpdateCheck = 1620;
				LastUpgradeCheck = 1620;
				TargetAttributes = {
					A89465AB2D78BF8C007438F3 = {
						CreatedOnToolsVersion = 16.2;
					};
					A89465D62D78C389007438F3 = {
						CreatedOnToolsVersion = 16.2;
						TestTargetID = A89465AB2D78BF8C007438F3;
					};
				};
			};
			buildConfigurationList = A89465A72D78BF8C007438F3 /* Build configuration list for PBXProject "XCodeCloudWesChua" */;
			developmentRegion = en;
			hasScannedForEncodings = 0;
			knownRegions = (
				en,
				Base,
			);
			mainGroup = A89465A32D78BF8C007438F3;
			minimizedProjectReferenceProxies = 1;
			preferredProjectObjectVersion = 77;
			productRefGroup = A89465AD2D78BF8C007438F3 /* Products */;
			projectDirPath = "";
			projectRoot = "";
			targets = (
				A89465AB2D78BF8C007438F3 /* XCodeCloudWesChua */,
				A89465D62D78C389007438F3 /* XCodeCloudWesChuaTests */,
			);
		};
/* End PBXProject section */

/* Begin PBXResourcesBuildPhase section */
		A89465AA2D78BF8C007438F3 /* Resources */ = {
			isa = PBXResourcesBuildPhase;
			buildActionMask = 2147483647;
			files = (
			);
			runOnlyForDeploymentPostprocessing = 0;
		};
		A89465D52D78C389007438F3 /* Resources */ = {
			isa = PBXResourcesBuildPhase;
			buildActionMask = 2147483647;
			files = (
			);
			runOnlyForDeploymentPostprocessing = 0;
		};
/* End PBXResourcesBuildPhase section */

/* Begin PBXShellScriptBuildPhase section */
		D8AD1030EF2C2A7BCF62604B /* [CP] Check Pods Manifest.lock */ = {
			isa = PBXShellScriptBuildPhase;
			buildActionMask = 2147483647;
			files = (
			);
			inputFileListPaths = (
			);
			inputPaths = (
				"${PODS_PODFILE_DIR_PATH}/Podfile.lock",
				"${PODS_ROOT}/Manifest.lock",
			);
			name = "[CP] Check Pods Manifest.lock";
			outputFileListPaths = (
			);
			outputPaths = (
				"$(DERIVED_FILE_DIR)/Pods-XCodeCloudWesChuaTests-checkManifestLockResult.txt",
			);
			runOnlyForDeploymentPostprocessing = 0;
			shellPath = /bin/sh;
			shellScript = "diff \"${PODS_PODFILE_DIR_PATH}/Podfile.lock\" \"${PODS_ROOT}/Manifest.lock\" > /dev/null\nif [ $? != 0 ] ; then\n    # print error to STDERR\n    echo \"error: The sandbox is not in sync with the Podfile.lock. Run 'pod install' or update your CocoaPods installation.\" >&2\n    exit 1\nfi\n# This output is used by Xcode 'outputs' to avoid re-running this script phase.\necho \"SUCCESS\" > \"${SCRIPT_OUTPUT_FILE_0}\"\n";
			showEnvVarsInLog = 0;
		};
		DEBB475B84B182D7FAF9F8EE /* [CP] Embed Pods Frameworks */ = {
			isa = PBXShellScriptBuildPhase;
			buildActionMask = 2147483647;
			files = (
			);
			inputFileListPaths = (
				"${PODS_ROOT}/Target Support Files/Pods-XCodeCloudWesChua/Pods-XCodeCloudWesChua-frameworks-${CONFIGURATION}-input-files.xcfilelist",
			);
			name = "[CP] Embed Pods Frameworks";
			outputFileListPaths = (
				"${PODS_ROOT}/Target Support Files/Pods-XCodeCloudWesChua/Pods-XCodeCloudWesChua-frameworks-${CONFIGURATION}-output-files.xcfilelist",
			);
			runOnlyForDeploymentPostprocessing = 0;
			shellPath = /bin/sh;
			shellScript = "\"${PODS_ROOT}/Target Support Files/Pods-XCodeCloudWesChua/Pods-XCodeCloudWesChua-frameworks.sh\"\n";
			showEnvVarsInLog = 0;
		};
		E22689CEDDF90F4E05E4012B /* [CP] Check Pods Manifest.lock */ = {
			isa = PBXShellScriptBuildPhase;
			buildActionMask = 2147483647;
			files = (
			);
			inputFileListPaths = (
			);
			inputPaths = (
				"${PODS_PODFILE_DIR_PATH}/Podfile.lock",
				"${PODS_ROOT}/Manifest.lock",
			);
			name = "[CP] Check Pods Manifest.lock";
			outputFileListPaths = (
			);
			outputPaths = (
				"$(DERIVED_FILE_DIR)/Pods-XCodeCloudWesChua-checkManifestLockResult.txt",
			);
			runOnlyForDeploymentPostprocessing = 0;
			shellPath = /bin/sh;
			shellScript = "diff \"${PODS_PODFILE_DIR_PATH}/Podfile.lock\" \"${PODS_ROOT}/Manifest.lock\" > /dev/null\nif [ $? != 0 ] ; then\n    # print error to STDERR\n    echo \"error: The sandbox is not in sync with the Podfile.lock. Run 'pod install' or update your CocoaPods installation.\" >&2\n    exit 1\nfi\n# This output is used by Xcode 'outputs' to avoid re-running this script phase.\necho \"SUCCESS\" > \"${SCRIPT_OUTPUT_FILE_0}\"\n";
			showEnvVarsInLog = 0;
		};
/* End PBXShellScriptBuildPhase section */

/* Begin PBXSourcesBuildPhase section */
		A89465A82D78BF8C007438F3 /* Sources */ = {
			isa = PBXSourcesBuildPhase;
			buildActionMask = 2147483647;
			files = (
			);
			runOnlyForDeploymentPostprocessing = 0;
		};
		A89465D32D78C389007438F3 /* Sources */ = {
			isa = PBXSourcesBuildPhase;
			buildActionMask = 2147483647;
			files = (
			);
			runOnlyForDeploymentPostprocessing = 0;
		};
/* End PBXSourcesBuildPhase section */

/* Begin PBXTargetDependency section */
		A89465DC2D78C389007438F3 /* PBXTargetDependency */ = {
			isa = PBXTargetDependency;
			target = A89465AB2D78BF8C007438F3 /* XCodeCloudWesChua */;
			targetProxy = A89465DB2D78C389007438F3 /* PBXContainerItemProxy */;
		};
/* End PBXTargetDependency section */

/* Begin XCBuildConfiguration section */
		A89465B82D78BF8E007438F3 /* Debug */ = {
			isa = XCBuildConfiguration;
			buildSettings = {
				ALWAYS_SEARCH_USER_PATHS = NO;
				ASSETCATALOG_COMPILER_GENERATE_SWIFT_ASSET_SYMBOL_EXTENSIONS = YES;
				CLANG_ANALYZER_NONNULL = YES;
				CLANG_ANALYZER_NUMBER_OBJECT_CONVERSION = YES_AGGRESSIVE;
				CLANG_CXX_LANGUAGE_STANDARD = "gnu++20";
				CLANG_ENABLE_MODULES = YES;
				CLANG_ENABLE_OBJC_ARC = YES;
				CLANG_ENABLE_OBJC_WEAK = YES;
				CLANG_WARN_BLOCK_CAPTURE_AUTORELEASING = YES;
				CLANG_WARN_BOOL_CONVERSION = YES;
				CLANG_WARN_COMMA = YES;
				CLANG_WARN_CONSTANT_CONVERSION = YES;
				CLANG_WARN_DEPRECATED_OBJC_IMPLEMENTATIONS = YES;
				CLANG_WARN_DIRECT_OBJC_ISA_USAGE = YES_ERROR;
				CLANG_WARN_DOCUMENTATION_COMMENTS = YES;
				CLANG_WARN_EMPTY_BODY = YES;
				CLANG_WARN_ENUM_CONVERSION = YES;
				CLANG_WARN_INFINITE_RECURSION = YES;
				CLANG_WARN_INT_CONVERSION = YES;
				CLANG_WARN_NON_LITERAL_NULL_CONVERSION = YES;
				CLANG_WARN_OBJC_IMPLICIT_RETAIN_SELF = YES;
				CLANG_WARN_OBJC_LITERAL_CONVERSION = YES;
				CLANG_WARN_OBJC_ROOT_CLASS = YES_ERROR;
				CLANG_WARN_QUOTED_INCLUDE_IN_FRAMEWORK_HEADER = YES;
				CLANG_WARN_RANGE_LOOP_ANALYSIS = YES;
				CLANG_WARN_STRICT_PROTOTYPES = YES;
				CLANG_WARN_SUSPICIOUS_MOVE = YES;
				CLANG_WARN_UNGUARDED_AVAILABILITY = YES_AGGRESSIVE;
				CLANG_WARN_UNREACHABLE_CODE = YES;
				CLANG_WARN__DUPLICATE_METHOD_MATCH = YES;
				COPY_PHASE_STRIP = NO;
				DEBUG_INFORMATION_FORMAT = dwarf;
				ENABLE_STRICT_OBJC_MSGSEND = YES;
				ENABLE_TESTABILITY = YES;
				ENABLE_USER_SCRIPT_SANDBOXING = YES;
				GCC_C_LANGUAGE_STANDARD = gnu17;
				GCC_DYNAMIC_NO_PIC = NO;
				GCC_NO_COMMON_BLOCKS = YES;
				GCC_OPTIMIZATION_LEVEL = 0;
				GCC_PREPROCESSOR_DEFINITIONS = (
					"DEBUG=1",
					"$(inherited)",
				);
				GCC_WARN_64_TO_32_BIT_CONVERSION = YES;
				GCC_WARN_ABOUT_RETURN_TYPE = YES_ERROR;
				GCC_WARN_UNDECLARED_SELECTOR = YES;
				GCC_WARN_UNINITIALIZED_AUTOS = YES_AGGRESSIVE;
				GCC_WARN_UNUSED_FUNCTION = YES;
				GCC_WARN_UNUSED_VARIABLE = YES;
				IPHONEOS_DEPLOYMENT_TARGET = 18.2;
				LOCALIZATION_PREFERS_STRING_CATALOGS = YES;
				MTL_ENABLE_DEBUG_INFO = INCLUDE_SOURCE;
				MTL_FAST_MATH = YES;
				ONLY_ACTIVE_ARCH = YES;
				SDKROOT = iphoneos;
				SWIFT_ACTIVE_COMPILATION_CONDITIONS = "DEBUG $(inherited)";
				SWIFT_OPTIMIZATION_LEVEL = "-Onone";
			};
			name = Debug;
		};
		A89465B92D78BF8E007438F3 /* Release */ = {
			isa = XCBuildConfiguration;
			buildSettings = {
				ALWAYS_SEARCH_USER_PATHS = NO;
				ASSETCATALOG_COMPILER_GENERATE_SWIFT_ASSET_SYMBOL_EXTENSIONS = YES;
				CLANG_ANALYZER_NONNULL = YES;
				CLANG_ANALYZER_NUMBER_OBJECT_CONVERSION = YES_AGGRESSIVE;
				CLANG_CXX_LANGUAGE_STANDARD = "gnu++20";
				CLANG_ENABLE_MODULES = YES;
				CLANG_ENABLE_OBJC_ARC = YES;
				CLANG_ENABLE_OBJC_WEAK = YES;
				CLANG_WARN_BLOCK_CAPTURE_AUTORELEASING = YES;
				CLANG_WARN_BOOL_CONVERSION = YES;
				CLANG_WARN_COMMA = YES;
				CLANG_WARN_CONSTANT_CONVERSION = YES;
				CLANG_WARN_DEPRECATED_OBJC_IMPLEMENTATIONS = YES;
				CLANG_WARN_DIRECT_OBJC_ISA_USAGE = YES_ERROR;
				CLANG_WARN_DOCUMENTATION_COMMENTS = YES;
				CLANG_WARN_EMPTY_BODY = YES;
				CLANG_WARN_ENUM_CONVERSION = YES;
				CLANG_WARN_INFINITE_RECURSION = YES;
				CLANG_WARN_INT_CONVERSION = YES;
				CLANG_WARN_NON_LITERAL_NULL_CONVERSION = YES;
				CLANG_WARN_OBJC_IMPLICIT_RETAIN_SELF = YES;
				CLANG_WARN_OBJC_LITERAL_CONVERSION = YES;
				CLANG_WARN_OBJC_ROOT_CLASS = YES_ERROR;
				CLANG_WARN_QUOTED_INCLUDE_IN_FRAMEWORK_HEADER = YES;
				CLANG_WARN_RANGE_LOOP_ANALYSIS = YES;
				CLANG_WARN_STRICT_PROTOTYPES = YES;
				CLANG_WARN_SUSPICIOUS_MOVE = YES;
				CLANG_WARN_UNGUARDED_AVAILABILITY = YES_AGGRESSIVE;
				CLANG_WARN_UNREACHABLE_CODE = YES;
				CLANG_WARN__DUPLICATE_METHOD_MATCH = YES;
				COPY_PHASE_STRIP = NO;
				DEBUG_INFORMATION_FORMAT = "dwarf-with-dsym";
				ENABLE_NS_ASSERTIONS = NO;
				ENABLE_STRICT_OBJC_MSGSEND = YES;
				ENABLE_USER_SCRIPT_SANDBOXING = YES;
				GCC_C_LANGUAGE_STANDARD = gnu17;
				GCC_NO_COMMON_BLOCKS = YES;
				GCC_WARN_64_TO_32_BIT_CONVERSION = YES;
				GCC_WARN_ABOUT_RETURN_TYPE = YES_ERROR;
				GCC_WARN_UNDECLARED_SELECTOR = YES;
				GCC_WARN_UNINITIALIZED_AUTOS = YES_AGGRESSIVE;
				GCC_WARN_UNUSED_FUNCTION = YES;
				GCC_WARN_UNUSED_VARIABLE = YES;
				IPHONEOS_DEPLOYMENT_TARGET = 18.2;
				LOCALIZATION_PREFERS_STRING_CATALOGS = YES;
				MTL_ENABLE_DEBUG_INFO = NO;
				MTL_FAST_MATH = YES;
				SDKROOT = iphoneos;
				SWIFT_COMPILATION_MODE = wholemodule;
				VALIDATE_PRODUCT = YES;
			};
			name = Release;
		};
		A89465BB2D78BF8E007438F3 /* Debug */ = {
			isa = XCBuildConfiguration;
			baseConfigurationReference = 058ED5343855044B22BB515B /* Pods-XCodeCloudWesChua.debug.xcconfig */;
			buildSettings = {
				ASSETCATALOG_COMPILER_APPICON_NAME = AppIcon;
				ASSETCATALOG_COMPILER_GLOBAL_ACCENT_COLOR_NAME = AccentColor;
				CODE_SIGN_STYLE = Automatic;
				CURRENT_PROJECT_VERSION = 1;
				DEVELOPMENT_ASSET_PATHS = "\"XCodeCloudWesChua/Preview Content\"";
				DEVELOPMENT_TEAM = JYJ25JXYC8;
				ENABLE_PREVIEWS = YES;
				GENERATE_INFOPLIST_FILE = YES;
				INFOPLIST_KEY_UIApplicationSceneManifest_Generation = YES;
				INFOPLIST_KEY_UIApplicationSupportsIndirectInputEvents = YES;
				INFOPLIST_KEY_UILaunchScreen_Generation = YES;
				INFOPLIST_KEY_UISupportedInterfaceOrientations_iPad = "UIInterfaceOrientationPortrait UIInterfaceOrientationPortraitUpsideDown UIInterfaceOrientationLandscapeLeft UIInterfaceOrientationLandscapeRight";
				INFOPLIST_KEY_UISupportedInterfaceOrientations_iPhone = "UIInterfaceOrientationPortrait UIInterfaceOrientationLandscapeLeft UIInterfaceOrientationLandscapeRight";
				LD_RUNPATH_SEARCH_PATHS = (
					"$(inherited)",
					"@executable_path/Frameworks",
				);
				MARKETING_VERSION = 1.0;
				PRODUCT_BUNDLE_IDENTIFIER = com.ujjwalarora.XCodeCloudWesChua;
				PRODUCT_NAME = "$(TARGET_NAME)";
				SWIFT_EMIT_LOC_STRINGS = YES;
				SWIFT_VERSION = 5.0;
				TARGETED_DEVICE_FAMILY = "1,2";
			};
			name = Debug;
		};
		A89465BC2D78BF8E007438F3 /* Release */ = {
			isa = XCBuildConfiguration;
			baseConfigurationReference = 8132961C154C3320E0D4B964 /* Pods-XCodeCloudWesChua.release.xcconfig */;
			buildSettings = {
				ASSETCATALOG_COMPILER_APPICON_NAME = AppIcon;
				ASSETCATALOG_COMPILER_GLOBAL_ACCENT_COLOR_NAME = AccentColor;
				CODE_SIGN_STYLE = Automatic;
				CURRENT_PROJECT_VERSION = 1;
				DEVELOPMENT_ASSET_PATHS = "\"XCodeCloudWesChua/Preview Content\"";
				DEVELOPMENT_TEAM = JYJ25JXYC8;
				ENABLE_PREVIEWS = YES;
				GENERATE_INFOPLIST_FILE = YES;
				INFOPLIST_KEY_UIApplicationSceneManifest_Generation = YES;
				INFOPLIST_KEY_UIApplicationSupportsIndirectInputEvents = YES;
				INFOPLIST_KEY_UILaunchScreen_Generation = YES;
				INFOPLIST_KEY_UISupportedInterfaceOrientations_iPad = "UIInterfaceOrientationPortrait UIInterfaceOrientationPortraitUpsideDown UIInterfaceOrientationLandscapeLeft UIInterfaceOrientationLandscapeRight";
				INFOPLIST_KEY_UISupportedInterfaceOrientations_iPhone = "UIInterfaceOrientationPortrait UIInterfaceOrientationLandscapeLeft UIInterfaceOrientationLandscapeRight";
				LD_RUNPATH_SEARCH_PATHS = (
					"$(inherited)",
					"@executable_path/Frameworks",
				);
				MARKETING_VERSION = 1.0;
				PRODUCT_BUNDLE_IDENTIFIER = com.ujjwalarora.XCodeCloudWesChua;
				PRODUCT_NAME = "$(TARGET_NAME)";
				SWIFT_EMIT_LOC_STRINGS = YES;
				SWIFT_VERSION = 5.0;
				TARGETED_DEVICE_FAMILY = "1,2";
			};
			name = Release;
		};
		A89465DE2D78C389007438F3 /* Debug */ = {
			isa = XCBuildConfiguration;
			baseConfigurationReference = 693C3C1142569A25DD2E268E /* Pods-XCodeCloudWesChuaTests.debug.xcconfig */;
			buildSettings = {
				BUNDLE_LOADER = "$(TEST_HOST)";
				CODE_SIGN_STYLE = Automatic;
				CURRENT_PROJECT_VERSION = 1;
				DEVELOPMENT_TEAM = JYJ25JXYC8;
				GENERATE_INFOPLIST_FILE = YES;
				MARKETING_VERSION = 1.0;
				PRODUCT_BUNDLE_IDENTIFIER = com.ujjwalarora.XCodeCloudWesChuaTests;
				PRODUCT_NAME = "$(TARGET_NAME)";
				SWIFT_EMIT_LOC_STRINGS = NO;
				SWIFT_VERSION = 5.0;
				TARGETED_DEVICE_FAMILY = "1,2";
				TEST_HOST = "$(BUILT_PRODUCTS_DIR)/XCodeCloudWesChua.app/$(BUNDLE_EXECUTABLE_FOLDER_PATH)/XCodeCloudWesChua";
			};
			name = Debug;
		};
		A89465DF2D78C389007438F3 /* Release */ = {
			isa = XCBuildConfiguration;
			baseConfigurationReference = BC14B37DFD9D6D3C82A13340 /* Pods-XCodeCloudWesChuaTests.release.xcconfig */;
			buildSettings = {
				BUNDLE_LOADER = "$(TEST_HOST)";
				CODE_SIGN_STYLE = Automatic;
				CURRENT_PROJECT_VERSION = 1;
				DEVELOPMENT_TEAM = JYJ25JXYC8;
				GENERATE_INFOPLIST_FILE = YES;
				MARKETING_VERSION = 1.0;
				PRODUCT_BUNDLE_IDENTIFIER = com.ujjwalarora.XCodeCloudWesChuaTests;
				PRODUCT_NAME = "$(TARGET_NAME)";
				SWIFT_EMIT_LOC_STRINGS = NO;
				SWIFT_VERSION = 5.0;
				TARGETED_DEVICE_FAMILY = "1,2";
				TEST_HOST = "$(BUILT_PRODUCTS_DIR)/XCodeCloudWesChua.app/$(BUNDLE_EXECUTABLE_FOLDER_PATH)/XCodeCloudWesChua";
			};
			name = Release;
		};
/* End XCBuildConfiguration section */

/* Begin XCConfigurationList section */
		A89465A72D78BF8C007438F3 /* Build configuration list for PBXProject "XCodeCloudWesChua" */ = {
			isa = XCConfigurationList;
			buildConfigurations = (
				A89465B82D78BF8E007438F3 /* Debug */,
				A89465B92D78BF8E007438F3 /* Release */,
			);
			defaultConfigurationIsVisible = 0;
			defaultConfigurationName = Release;
		};
		A89465BA2D78BF8E007438F3 /* Build configuration list for PBXNativeTarget "XCodeCloudWesChua" */ = {
			isa = XCConfigurationList;
			buildConfigurations = (
				A89465BB2D78BF8E007438F3 /* Debug */,
				A89465BC2D78BF8E007438F3 /* Release */,
			);
			defaultConfigurationIsVisible = 0;
			defaultConfigurationName = Release;
		};
		A89465DD2D78C389007438F3 /* Build configuration list for PBXNativeTarget "XCodeCloudWesChuaTests" */ = {
			isa = XCConfigurationList;
			buildConfigurations = (
				A89465DE2D78C389007438F3 /* Debug */,
				A89465DF2D78C389007438F3 /* Release */,
			);
			defaultConfigurationIsVisible = 0;
			defaultConfigurationName = Release;
		};
/* End XCConfigurationList section */
	};
	rootObject = A89465A42D78BF8C007438F3 /* Project object */;
}
